
Microsoft Visual Studio Solution File, Format Version 12.00
# Visual Studio Version 17
VisualStudioVersion = 17.2.32616.157
MinimumVisualStudioVersion = 10.0.40219.1
Project("{9A19103F-16F7-4668-BE54-9A1E7A4F7556}") = "PassManager", "PassManager\PassManager.csproj", "{EF0DF229-BD97-45AE-A5BA-3369F17CF161}"
EndProject
Global
	GlobalSection(SolutionConfigurationPlatforms) = preSolution
		Debug|Any CPU = Debug|Any CPU
		Release|Any CPU = Release|Any CPU
	EndGlobalSection
	GlobalSection(ProjectConfigurationPlatforms) = postSolution
		{EF0DF229-BD97-45AE-A5BA-3369F17CF161}.Debug|Any CPU.ActiveCfg = Debug|Any CPU
		{EF0DF229-BD97-45AE-A5BA-3369F17CF161}.Debug|Any CPU.Build.0 = Debug|Any CPU
		{EF0DF229-BD97-45AE-A5BA-3369F17CF161}.Release|Any CPU.ActiveCfg = Release|Any CPU
		{EF0DF229-BD97-45AE-A5BA-3369F17CF161}.Release|Any CPU.Build.0 = Release|Any CPU
	EndGlobalSection
	GlobalSection(SolutionProperties) = preSolution
		HideSolutionNode = FALSE
	EndGlobalSection
	GlobalSection(ExtensibilityGlobals) = postSolution
		SolutionGuid = {51CCDBC8-70F2-4464-B1E6-E427770ACF8F}
	EndGlobalSection
EndGlobal
