
Microsoft Visual Studio Solution File, Format Version 12.00
# Visual Studio Version 16
VisualStudioVersion = 16.0.32126.315
MinimumVisualStudioVersion = 10.0.40219.1
Project("{FAE04EC0-301F-11D3-BF4B-00C04F79EFBC}") = "PassManager", "PassManager\PassManager.csproj", "{EF0DF229-BD97-45AE-A5BA-3369F17CF161}"
EndProject
Global
	GlobalSection(SolutionConfigurationPlatforms) = preSolution
		Debug|Any CPU = Debug|Any CPU
		Release|Any CPU = Release|Any CPU
	EndGlobalSection
	GlobalSection(ProjectConfigurationPlatforms) = postSolution
		{EF0DF229-BD97-45AE-A5BA-3369F17CF161}.Debug|Any CPU.ActiveCfg = Debug|Any CPU
		{EF0DF229-BD97-45AE-A5BA-3369F17CF161}.Debug|Any CPU.Build.0 = Debug|Any CPU
		{EF0DF229-BD97-45AE-A5BA-3369F17CF161}.Release|Any CPU.ActiveCfg = Release|Any CPU
		{EF0DF229-BD97-45AE-A5BA-3369F17CF161}.Release|Any CPU.Build.0 = Release|Any CPU
	EndGlobalSection
	GlobalSection(SolutionProperties) = preSolution
		HideSolutionNode = FALSE
	EndGlobalSection
	GlobalSection(ExtensibilityGlobals) = postSolution
		SolutionGuid = {51CCDBC8-70F2-4464-B1E6-E427770ACF8F}
	EndGlobalSection
EndGlobal
